// !$*UTF8*$!
{
	archiveVersion = 1;
	classes = {
	};
	objectVersion = 46;
	objects = {

/* Begin PBXBuildFile section */
		5BDA3FD51A023EEB00B3F9E0 /* main.m in Sources */ = {isa = PBXBuildFile; fileRef = 5BDA3FD41A023EEB00B3F9E0 /* main.m */; };
/* End PBXBuildFile section */

/* Begin PBXCopyFilesBuildPhase section */
		5BDA3FD01A023EEB00B3F9E0 /* CopyFiles */ = {
			isa = PBXCopyFilesBuildPhase;
			buildActionMask = 2147483647;
			dstPath = /usr/share/man/man1/;
			dstSubfolderSpec = 0;
			files = (
			);
			runOnlyForDeploymentPostprocessing = 1;
		};
/* End PBXCopyFilesBuildPhase section */

/* Begin PBXFileReference section */
		5B8F5BA81A06619600253734 /* TArray.h */ = {isa = PBXFileReference; lastKnownFileType = sourcecode.c.h; path = TArray.h; sourceTree = "<group>"; };
		5B8F5BA91A06619600253734 /* TCollections.h */ = {isa = PBXFileReference; lastKnownFileType = sourcecode.c.h; path = TCollections.h; sourceTree = "<group>"; };
		5B8F5BAA1A06619600253734 /* Typed.h */ = {isa = PBXFileReference; lastKnownFileType = sourcecode.c.h; path = Typed.h; sourceTree = "<group>"; };
		5B8F5BAB1A06683400253734 /* TMutableArray.h */ = {isa = PBXFileReference; lastKnownFileType = sourcecode.c.h; path = TMutableArray.h; sourceTree = "<group>"; };
		5B8F5BAC1A06710C00253734 /* TSet.h */ = {isa = PBXFileReference; lastKnownFileType = sourcecode.c.h; path = TSet.h; sourceTree = "<group>"; };
		5B8F5BAD1A06945700253734 /* TMutableSet.h */ = {isa = PBXFileReference; lastKnownFileType = sourcecode.c.h; path = TMutableSet.h; sourceTree = "<group>"; };
		5B8F5BAE1A06999400253734 /* TOrderedSet.h */ = {isa = PBXFileReference; lastKnownFileType = sourcecode.c.h; path = TOrderedSet.h; sourceTree = "<group>"; };
		5B8F5BC11A08C69A00253734 /* TMutableOrderedSet.h */ = {isa = PBXFileReference; lastKnownFileType = sourcecode.c.h; path = TMutableOrderedSet.h; sourceTree = "<group>"; };
		5B8F5BC21A08CB3800253734 /* TCountedSet.h */ = {isa = PBXFileReference; lastKnownFileType = sourcecode.c.h; path = TCountedSet.h; sourceTree = "<group>"; };
		5B8F5BC31A08D07900253734 /* TAssociativeCollections.h */ = {isa = PBXFileReference; lastKnownFileType = sourcecode.c.h; path = TAssociativeCollections.h; sourceTree = "<group>"; };
		5BDA3FD21A023EEB00B3F9E0 /* Test */ = {isa = PBXFileReference; explicitFileType = "compiled.mach-o.executable"; includeInIndex = 0; path = Test; sourceTree = BUILT_PRODUCTS_DIR; };
		5BDA3FD41A023EEB00B3F9E0 /* main.m */ = {isa = PBXFileReference; lastKnownFileType = sourcecode.c.objc; path = main.m; sourceTree = "<group>"; };
		5BFA59181A0A1865003027A8 /* TDictionary.h */ = {isa = PBXFileReference; lastKnownFileType = sourcecode.c.h; path = TDictionary.h; sourceTree = "<group>"; };
		5BFA59191A0A3978003027A8 /* TMutableDictionary.h */ = {isa = PBXFileReference; lastKnownFileType = sourcecode.c.h; path = TMutableDictionary.h; sourceTree = "<group>"; };
/* End PBXFileReference section */

/* Begin PBXFrameworksBuildPhase section */
		5BDA3FCF1A023EEB00B3F9E0 /* Frameworks */ = {
			isa = PBXFrameworksBuildPhase;
			buildActionMask = 2147483647;
			files = (
			);
			runOnlyForDeploymentPostprocessing = 0;
		};
/* End PBXFrameworksBuildPhase section */

/* Begin PBXGroup section */
		5B8F5BA71A06619600253734 /* Sources */ = {
			isa = PBXGroup;
			children = (
				5B8F5BAA1A06619600253734 /* Typed.h */,
				5B8F5BA91A06619600253734 /* TCollections.h */,
				5B8F5BA81A06619600253734 /* TArray.h */,
				5B8F5BAB1A06683400253734 /* TMutableArray.h */,
				5B8F5BAC1A06710C00253734 /* TSet.h */,
				5B8F5BAD1A06945700253734 /* TMutableSet.h */,
				5B8F5BC21A08CB3800253734 /* TCountedSet.h */,
				5B8F5BAE1A06999400253734 /* TOrderedSet.h */,
				5B8F5BC11A08C69A00253734 /* TMutableOrderedSet.h */,
				5B8F5BC31A08D07900253734 /* TAssociativeCollections.h */,
				5BFA59181A0A1865003027A8 /* TDictionary.h */,
				5BFA59191A0A3978003027A8 /* TMutableDictionary.h */,
			);
			path = Sources;
			sourceTree = "<group>";
		};
		5BDA3FA11A0235F600B3F9E0 = {
			isa = PBXGroup;
			children = (
				5B8F5BA71A06619600253734 /* Sources */,
				5BDA3FD31A023EEB00B3F9E0 /* Test */,
				5BDA3FAB1A0235F700B3F9E0 /* Products */,
			);
			sourceTree = "<group>";
		};
		5BDA3FAB1A0235F700B3F9E0 /* Products */ = {
			isa = PBXGroup;
			children = (
				5BDA3FD21A023EEB00B3F9E0 /* Test */,
			);
			name = Products;
			sourceTree = "<group>";
		};
		5BDA3FD31A023EEB00B3F9E0 /* Test */ = {
			isa = PBXGroup;
			children = (
				5BDA3FD41A023EEB00B3F9E0 /* main.m */,
			);
			path = Test;
			sourceTree = "<group>";
		};
/* End PBXGroup section */

/* Begin PBXNativeTarget section */
		5BDA3FD11A023EEB00B3F9E0 /* Test */ = {
			isa = PBXNativeTarget;
			buildConfigurationList = 5BDA3FD61A023EEB00B3F9E0 /* Build configuration list for PBXNativeTarget "Test" */;
			buildPhases = (
				5BDA3FCE1A023EEB00B3F9E0 /* Sources */,
				5BDA3FCF1A023EEB00B3F9E0 /* Frameworks */,
				5BDA3FD01A023EEB00B3F9E0 /* CopyFiles */,
			);
			buildRules = (
			);
			dependencies = (
			);
			name = Test;
			productName = Test;
			productReference = 5BDA3FD21A023EEB00B3F9E0 /* Test */;
			productType = "com.apple.product-type.tool";
		};
/* End PBXNativeTarget section */

/* Begin PBXProject section */
		5BDA3FA21A0235F600B3F9E0 /* Project object */ = {
			isa = PBXProject;
			attributes = {
				LastUpgradeCheck = 0610;
				ORGANIZATIONNAME = Triceratops;
				TargetAttributes = {
					5BDA3FD11A023EEB00B3F9E0 = {
						CreatedOnToolsVersion = 6.1;
					};
				};
			};
			buildConfigurationList = 5BDA3FA51A0235F600B3F9E0 /* Build configuration list for PBXProject "Typed" */;
			compatibilityVersion = "Xcode 3.2";
			developmentRegion = English;
			hasScannedForEncodings = 0;
			knownRegions = (
				en,
			);
			mainGroup = 5BDA3FA11A0235F600B3F9E0;
			productRefGroup = 5BDA3FAB1A0235F700B3F9E0 /* Products */;
			projectDirPath = "";
			projectRoot = "";
			targets = (
				5BDA3FD11A023EEB00B3F9E0 /* Test */,
			);
		};
/* End PBXProject section */

/* Begin PBXSourcesBuildPhase section */
		5BDA3FCE1A023EEB00B3F9E0 /* Sources */ = {
			isa = PBXSourcesBuildPhase;
			buildActionMask = 2147483647;
			files = (
				5BDA3FD51A023EEB00B3F9E0 /* main.m in Sources */,
			);
			runOnlyForDeploymentPostprocessing = 0;
		};
/* End PBXSourcesBuildPhase section */

/* Begin XCBuildConfiguration section */
		5BDA3FBC1A0235F700B3F9E0 /* Debug */ = {
			isa = XCBuildConfiguration;
			buildSettings = {
				ALWAYS_SEARCH_USER_PATHS = NO;
				CLANG_CXX_LANGUAGE_STANDARD = "gnu++0x";
				CLANG_CXX_LIBRARY = "libc++";
				CLANG_ENABLE_MODULES = YES;
				CLANG_ENABLE_OBJC_ARC = YES;
				CLANG_WARN_BOOL_CONVERSION = YES;
				CLANG_WARN_CONSTANT_CONVERSION = YES;
				CLANG_WARN_DIRECT_OBJC_ISA_USAGE = YES_ERROR;
				CLANG_WARN_EMPTY_BODY = YES;
				CLANG_WARN_ENUM_CONVERSION = YES;
				CLANG_WARN_INT_CONVERSION = YES;
				CLANG_WARN_OBJC_ROOT_CLASS = YES_ERROR;
				CLANG_WARN_UNREACHABLE_CODE = YES;
				CLANG_WARN__DUPLICATE_METHOD_MATCH = YES;
				COPY_PHASE_STRIP = NO;
				ENABLE_STRICT_OBJC_MSGSEND = YES;
				GCC_C_LANGUAGE_STANDARD = gnu99;
				GCC_DYNAMIC_NO_PIC = NO;
				GCC_OPTIMIZATION_LEVEL = 0;
				GCC_PREPROCESSOR_DEFINITIONS = (
					"DEBUG=1",
					"$(inherited)",
				);
				GCC_SYMBOLS_PRIVATE_EXTERN = NO;
				GCC_TREAT_INCOMPATIBLE_POINTER_TYPE_WARNINGS_AS_ERRORS = YES;
				GCC_WARN_64_TO_32_BIT_CONVERSION = YES;
				GCC_WARN_ABOUT_RETURN_TYPE = YES_ERROR;
				GCC_WARN_UNDECLARED_SELECTOR = YES;
				GCC_WARN_UNINITIALIZED_AUTOS = YES_AGGRESSIVE;
				GCC_WARN_UNUSED_FUNCTION = YES;
				GCC_WARN_UNUSED_VARIABLE = YES;
				MACOSX_DEPLOYMENT_TARGET = 10.10;
				MTL_ENABLE_DEBUG_INFO = YES;
				ONLY_ACTIVE_ARCH = YES;
				SDKROOT = macosx;
			};
			name = Debug;
		};
		5BDA3FBD1A0235F700B3F9E0 /* Release */ = {
			isa = XCBuildConfiguration;
			buildSettings = {
				ALWAYS_SEARCH_USER_PATHS = NO;
				CLANG_CXX_LANGUAGE_STANDARD = "gnu++0x";
				CLANG_CXX_LIBRARY = "libc++";
				CLANG_ENABLE_MODULES = YES;
				CLANG_ENABLE_OBJC_ARC = YES;
				CLANG_WARN_BOOL_CONVERSION = YES;
				CLANG_WARN_CONSTANT_CONVERSION = YES;
				CLANG_WARN_DIRECT_OBJC_ISA_USAGE = YES_ERROR;
				CLANG_WARN_EMPTY_BODY = YES;
				CLANG_WARN_ENUM_CONVERSION = YES;
				CLANG_WARN_INT_CONVERSION = YES;
				CLANG_WARN_OBJC_ROOT_CLASS = YES_ERROR;
				CLANG_WARN_UNREACHABLE_CODE = YES;
				CLANG_WARN__DUPLICATE_METHOD_MATCH = YES;
				COPY_PHASE_STRIP = YES;
				DEBUG_INFORMATION_FORMAT = "dwarf-with-dsym";
				ENABLE_NS_ASSERTIONS = NO;
				ENABLE_STRICT_OBJC_MSGSEND = YES;
				GCC_C_LANGUAGE_STANDARD = gnu99;
				GCC_TREAT_INCOMPATIBLE_POINTER_TYPE_WARNINGS_AS_ERRORS = YES;
				GCC_WARN_64_TO_32_BIT_CONVERSION = YES;
				GCC_WARN_ABOUT_RETURN_TYPE = YES_ERROR;
				GCC_WARN_UNDECLARED_SELECTOR = YES;
				GCC_WARN_UNINITIALIZED_AUTOS = YES_AGGRESSIVE;
				GCC_WARN_UNUSED_FUNCTION = YES;
				GCC_WARN_UNUSED_VARIABLE = YES;
				MACOSX_DEPLOYMENT_TARGET = 10.10;
				MTL_ENABLE_DEBUG_INFO = NO;
				SDKROOT = macosx;
			};
			name = Release;
		};
		5BDA3FD71A023EEB00B3F9E0 /* Debug */ = {
			isa = XCBuildConfiguration;
			buildSettings = {
				GCC_PREPROCESSOR_DEFINITIONS = (
					"DEBUG=1",
					"$(inherited)",
				);
				GCC_WARN_UNUSED_VARIABLE = NO;
				PRODUCT_NAME = "$(TARGET_NAME)";
			};
			name = Debug;
		};
		5BDA3FD81A023EEB00B3F9E0 /* Release */ = {
			isa = XCBuildConfiguration;
			buildSettings = {
				GCC_WARN_UNUSED_VARIABLE = NO;
				PRODUCT_NAME = "$(TARGET_NAME)";
			};
			name = Release;
		};
/* End XCBuildConfiguration section */

/* Begin XCConfigurationList section */
		5BDA3FA51A0235F600B3F9E0 /* Build configuration list for PBXProject "Typed" */ = {
			isa = XCConfigurationList;
			buildConfigurations = (
				5BDA3FBC1A0235F700B3F9E0 /* Debug */,
				5BDA3FBD1A0235F700B3F9E0 /* Release */,
			);
			defaultConfigurationIsVisible = 0;
			defaultConfigurationName = Release;
		};
		5BDA3FD61A023EEB00B3F9E0 /* Build configuration list for PBXNativeTarget "Test" */ = {
			isa = XCConfigurationList;
			buildConfigurations = (
				5BDA3FD71A023EEB00B3F9E0 /* Debug */,
				5BDA3FD81A023EEB00B3F9E0 /* Release */,
			);
			defaultConfigurationIsVisible = 0;
			defaultConfigurationName = Release;
		};
/* End XCConfigurationList section */
	};
	rootObject = 5BDA3FA21A0235F600B3F9E0 /* Project object */;
}
